
Microsoft Visual Studio Solution File, Format Version 12.00
# Visual Studio 15
VisualStudioVersion = 15.0.27130.2027
MinimumVisualStudioVersion = 10.0.40219.1
Project("{FAE04EC0-301F-11D3-BF4B-00C04F79EFBC}") = "ChallengeDaysBetweenDates", "ChallengeDaysBetweenDates\ChallengeDaysBetweenDates.csproj", "{DECFB30C-8F6A-4F8A-9381-B64D1D6C3ED0}"
EndProject
Global
	GlobalSection(SolutionConfigurationPlatforms) = preSolution
		Debug|Any CPU = Debug|Any CPU
		Release|Any CPU = Release|Any CPU
	EndGlobalSection
	GlobalSection(ProjectConfigurationPlatforms) = postSolution
		{DECFB30C-8F6A-4F8A-9381-B64D1D6C3ED0}.Debug|Any CPU.ActiveCfg = Debug|Any CPU
		{DECFB30C-8F6A-4F8A-9381-B64D1D6C3ED0}.Debug|Any CPU.Build.0 = Debug|Any CPU
		{DECFB30C-8F6A-4F8A-9381-B64D1D6C3ED0}.Release|Any CPU.ActiveCfg = Release|Any CPU
		{DECFB30C-8F6A-4F8A-9381-B64D1D6C3ED0}.Release|Any CPU.Build.0 = Release|Any CPU
	EndGlobalSection
	GlobalSection(SolutionProperties) = preSolution
		HideSolutionNode = FALSE
	EndGlobalSection
	GlobalSection(ExtensibilityGlobals) = postSolution
		SolutionGuid = {551EE9D7-CBAA-44A1-BE93-FEE0007CE0DE}
	EndGlobalSection
EndGlobal
