
Microsoft Visual Studio Solution File, Format Version 12.00
# Visual Studio 15
VisualStudioVersion = 15.0.27130.2027
MinimumVisualStudioVersion = 10.0.40219.1
Project("{FAE04EC0-301F-11D3-BF4B-00C04F79EFBC}") = "CS-ASP_011", "CS-ASP_011\CS-ASP_011.csproj", "{96F62313-97A2-4DAD-8861-F4636394E028}"
EndProject
Global
	GlobalSection(SolutionConfigurationPlatforms) = preSolution
		Debug|Any CPU = Debug|Any CPU
		Release|Any CPU = Release|Any CPU
	EndGlobalSection
	GlobalSection(ProjectConfigurationPlatforms) = postSolution
		{96F62313-97A2-4DAD-8861-F4636394E028}.Debug|Any CPU.ActiveCfg = Debug|Any CPU
		{96F62313-97A2-4DAD-8861-F4636394E028}.Debug|Any CPU.Build.0 = Debug|Any CPU
		{96F62313-97A2-4DAD-8861-F4636394E028}.Release|Any CPU.ActiveCfg = Release|Any CPU
		{96F62313-97A2-4DAD-8861-F4636394E028}.Release|Any CPU.Build.0 = Release|Any CPU
	EndGlobalSection
	GlobalSection(SolutionProperties) = preSolution
		HideSolutionNode = FALSE
	EndGlobalSection
	GlobalSection(ExtensibilityGlobals) = postSolution
		SolutionGuid = {985ED1F3-FB03-4406-A726-3B7DCBAB15EE}
	EndGlobalSection
EndGlobal
