
Microsoft Visual Studio Solution File, Format Version 12.00
# Visual Studio 15
VisualStudioVersion = 15.0.27130.2027
MinimumVisualStudioVersion = 10.0.40219.1
Project("{FAE04EC0-301F-11D3-BF4B-00C04F79EFBC}") = "ChallengeConditionalRadioButton", "ChallengeConditionalRadioButton\ChallengeConditionalRadioButton.csproj", "{FBE60667-7334-4F37-ADE2-FB21F46B8652}"
EndProject
Global
	GlobalSection(SolutionConfigurationPlatforms) = preSolution
		Debug|Any CPU = Debug|Any CPU
		Release|Any CPU = Release|Any CPU
	EndGlobalSection
	GlobalSection(ProjectConfigurationPlatforms) = postSolution
		{FBE60667-7334-4F37-ADE2-FB21F46B8652}.Debug|Any CPU.ActiveCfg = Debug|Any CPU
		{FBE60667-7334-4F37-ADE2-FB21F46B8652}.Debug|Any CPU.Build.0 = Debug|Any CPU
		{FBE60667-7334-4F37-ADE2-FB21F46B8652}.Release|Any CPU.ActiveCfg = Release|Any CPU
		{FBE60667-7334-4F37-ADE2-FB21F46B8652}.Release|Any CPU.Build.0 = Release|Any CPU
	EndGlobalSection
	GlobalSection(SolutionProperties) = preSolution
		HideSolutionNode = FALSE
	EndGlobalSection
	GlobalSection(ExtensibilityGlobals) = postSolution
		SolutionGuid = {5EF3E652-CC82-4259-B58D-DFC77EDA1687}
	EndGlobalSection
EndGlobal
