
Microsoft Visual Studio Solution File, Format Version 12.00
# Visual Studio 15
VisualStudioVersion = 15.0.27130.2027
MinimumVisualStudioVersion = 10.0.40219.1
Project("{FAE04EC0-301F-11D3-BF4B-00C04F79EFBC}") = "CS-ASP_014", "CS-ASP_014\CS-ASP_014.csproj", "{148C14F0-F2FF-45F9-AB29-FAFAB4646347}"
EndProject
Global
	GlobalSection(SolutionConfigurationPlatforms) = preSolution
		Debug|Any CPU = Debug|Any CPU
		Release|Any CPU = Release|Any CPU
	EndGlobalSection
	GlobalSection(ProjectConfigurationPlatforms) = postSolution
		{148C14F0-F2FF-45F9-AB29-FAFAB4646347}.Debug|Any CPU.ActiveCfg = Debug|Any CPU
		{148C14F0-F2FF-45F9-AB29-FAFAB4646347}.Debug|Any CPU.Build.0 = Debug|Any CPU
		{148C14F0-F2FF-45F9-AB29-FAFAB4646347}.Release|Any CPU.ActiveCfg = Release|Any CPU
		{148C14F0-F2FF-45F9-AB29-FAFAB4646347}.Release|Any CPU.Build.0 = Release|Any CPU
	EndGlobalSection
	GlobalSection(SolutionProperties) = preSolution
		HideSolutionNode = FALSE
	EndGlobalSection
	GlobalSection(ExtensibilityGlobals) = postSolution
		SolutionGuid = {F779767F-8A3B-44ED-9BB8-9960E230F029}
	EndGlobalSection
EndGlobal
